PODS:
  - Flutter (1.0.0)
  - image_gallery_saver (0.0.1):
    - Flutter
  - image_picker (0.0.1):
    - Flutter
  - qrscan (0.0.1):
    - Flutter

DEPENDENCIES:
  - Flutter (from `.symlinks/flutter/ios`)
  - image_gallery_saver (from `.symlinks/plugins/image_gallery_saver/ios`)
  - image_picker (from `.symlinks/plugins/image_picker/ios`)
  - qrscan (from `.symlinks/plugins/qrscan/ios`)

EXTERNAL SOURCES:
  Flutter:
    :path: ".symlinks/flutter/ios"
  image_gallery_saver:
    :path: ".symlinks/plugins/image_gallery_saver/ios"
  image_picker:
    :path: ".symlinks/plugins/image_picker/ios"
  qrscan:
    :path: ".symlinks/plugins/qrscan/ios"

SPEC CHECKSUMS:
  Flutter: 0e3d915762c693b495b44d77113d4970485de6ec
  image_gallery_saver: 73b3cd8ad9c950c739878af9c311744d1bf5405d
  image_picker: e3eacd46b94694dde7cf2705955cece853aa1a8f
  qrscan: d049481ce7caf45b7572dab60e0239c739cfbdbc

PODFILE CHECKSUM: b6a0a141693093b304368d08511b46cf3d1d0ac5

COCOAPODS: 1.8.4
